{
  "name": "microservices-with-kubernetes",
  "version": "1.0.0",
  "lockfileVersion": 1,
  "requires": true,
  "dependencies": {
    "kafkajs": {
      "version": "1.16.0",
      "resolved": "https://registry.npmjs.org/kafkajs/-/kafkajs-1.16.0.tgz",
      "integrity": "sha512-+Rcfu2hyQ/jv5skqRY8xA7Ra+mmRkDAzCaLDYbkGtgsNKpzxPWiLbk8ub0dgr4EbWrN1Zb4BCXHUkD6+zYfdWg=="
    },
    "turbo": {
      "version": "1.1.5",
      "resolved": "https://registry.npmjs.org/turbo/-/turbo-1.1.5.tgz",
      "integrity": "sha512-jXW8G4lr01/E/jS/66LYpEjwWFQAksC8TxR8gi3VGea7OeNj28l8zmXoY3IgT5H22MBnhmtOKV/GhsbPjI2Jrg==",
      "dev": true,
      "requires": {
        "turbo-darwin-64": "1.1.5",
        "turbo-darwin-arm64": "1.1.5",
        "turbo-freebsd-64": "1.1.5",
        "turbo-freebsd-arm64": "1.1.5",
        "turbo-linux-32": "1.1.5",
        "turbo-linux-64": "1.1.5",
        "turbo-linux-arm": "1.1.5",
        "turbo-linux-arm64": "1.1.5",
        "turbo-linux-mips64le": "1.1.5",
        "turbo-linux-ppc64le": "1.1.5",
        "turbo-windows-32": "1.1.5",
        "turbo-windows-64": "1.1.5"
      }
    },
    "turbo-darwin-64": {
      "version": "1.1.5",
      "resolved": "https://registry.npmjs.org/turbo-darwin-64/-/turbo-darwin-64-1.1.5.tgz",
      "integrity": "sha512-qdGMylQ408NmYhzuMmx+25W0iHFyFMRPO4579tDEv+WBiVDfAEYEzjajE4c+CQOLhd1aVEaPdSa+YhngQUgoDQ==",
      "dev": true,
      "optional": true
    },
    "turbo-darwin-arm64": {
      "version": "1.1.5",
      "resolved": "https://registry.npmjs.org/turbo-darwin-arm64/-/turbo-darwin-arm64-1.1.5.tgz",
      "integrity": "sha512-mXU324d3vYzxRT9FSSkW9yG2BvFosd0f4DUvqy4qms8wzM6Yv9Aeo4zZTL86rF88UYGUkbiRaPQUeceb/QARVg==",
      "dev": true,
      "optional": true
    },
    "turbo-freebsd-64": {
      "version": "1.1.5",
      "resolved": "https://registry.npmjs.org/turbo-freebsd-64/-/turbo-freebsd-64-1.1.5.tgz",
      "integrity": "sha512-qjjPTnZKOxw2x1Ito3yZAYDcwsCEg/5kYJwbPVvDn1jyXoxr3pUxTHUohroxQ6EmyxQ28qL7QpCVWDoQpDwrOQ==",
      "dev": true,
      "optional": true
    },
    "turbo-freebsd-arm64": {
      "version": "1.1.5",
      "resolved": "https://registry.npmjs.org/turbo-freebsd-arm64/-/turbo-freebsd-arm64-1.1.5.tgz",
      "integrity": "sha512-jYW+Th9Y6yEYevaFe7v3lFQoxyrpd8wX5KuuvqLazMRbNxvKgqTDmT7AbCOGJY5ejzqGnMlTGkQr8c3g3B8ndA==",
      "dev": true,
      "optional": true
    },
    "turbo-linux-32": {
      "version": "1.1.5",
      "resolved": "https://registry.npmjs.org/turbo-linux-32/-/turbo-linux-32-1.1.5.tgz",
      "integrity": "sha512-c5I8tdR1jD8L8pJWk+rlO734bpWI1gwGdvNOaA/IGZxzOfDSn4CGoUErnUPgOadT8azi7lT9UPQf/pLfEvjCOw==",
      "dev": true,
      "optional": true
    },
    "turbo-linux-64": {
      "version": "1.1.5",
      "resolved": "https://registry.npmjs.org/turbo-linux-64/-/turbo-linux-64-1.1.5.tgz",
      "integrity": "sha512-BZAxLfIkEtQa7u+VPYpdeVVJH6ab4WwXv4oCrUDaZf2BseDUxr57y2ASAWNFsg40T3oXXt4Kcbdc5LibjWQdtQ==",
      "dev": true,
      "optional": true
    },
    "turbo-linux-arm": {
      "version": "1.1.5",
      "resolved": "https://registry.npmjs.org/turbo-linux-arm/-/turbo-linux-arm-1.1.5.tgz",
      "integrity": "sha512-X6J05gQSWTc2c/TCkOQdFLhr35pUjEExY6K8yanYs2QKgd4GvDHmxYaBZ+6f90qcIUHYpe++adDPJcuAUv+8ug==",
      "dev": true,
      "optional": true
    },
    "turbo-linux-arm64": {
      "version": "1.1.5",
      "resolved": "https://registry.npmjs.org/turbo-linux-arm64/-/turbo-linux-arm64-1.1.5.tgz",
      "integrity": "sha512-8/yz5L0B6Jb0pNcvx/08LcPswizqggxQ0zlFEw+Oh9RAC+ZM5+X2YiMyKolvLCpkoRqrlKku0lmXH7mx6DWbig==",
      "dev": true,
      "optional": true
    },
    "turbo-linux-mips64le": {
      "version": "1.1.5",
      "resolved": "https://registry.npmjs.org/turbo-linux-mips64le/-/turbo-linux-mips64le-1.1.5.tgz",
      "integrity": "sha512-K26bEFcLDGPkcaW7Eq4CMSxUbJf/x58aE92+0tONhrxXzamaBqTrSxPYlk/T8OoH7HxOvja2ctkpeI/NRAoIyw==",
      "dev": true,
      "optional": true
    },
    "turbo-linux-ppc64le": {
      "version": "1.1.5",
      "resolved": "https://registry.npmjs.org/turbo-linux-ppc64le/-/turbo-linux-ppc64le-1.1.5.tgz",
      "integrity": "sha512-fr1/5yf8fe1BJiW/6Y9lmV+kxZZC3u3xvSBC5AXDSl9u3aJFZl96CRE9tOJbTZMaOVGxhplKD+EiHbjIxUnTrA==",
      "dev": true,
      "optional": true
    },
    "turbo-windows-32": {
      "version": "1.1.5",
      "resolved": "https://registry.npmjs.org/turbo-windows-32/-/turbo-windows-32-1.1.5.tgz",
      "integrity": "sha512-K9LdIgQXJ7jL0aLJS0l2asJAH/vYBFP7qFzODiAcJ1EeKBjYqAVnIxFQrUN07lzNDtL9WK/aN5q0bJCDnhwTQw==",
      "dev": true,
      "optional": true
    },
    "turbo-windows-64": {
      "version": "1.1.5",
      "resolved": "https://registry.npmjs.org/turbo-windows-64/-/turbo-windows-64-1.1.5.tgz",
      "integrity": "sha512-c2Jkmw8yGZVz4opzEvB5HAf9XkA8CZBnorie46s44ec0FaNbcP9SCuUNvgAHxqDIHTGWC4A5PoPn0owkD3ss6A==",
      "dev": true,
      "optional": true
    }
  }
}
